// !$*UTF8*$!
{
	archiveVersion = 1;
	classes = {
	};
	objectVersion = 46;
	objects = {

/* Begin PBXBuildFile section */
		5D8678023D49A46D37C3D50F /* Pods_English_fighting.framework in Frameworks */ = {isa = PBXBuildFile; fileRef = B4C976CA1D3AD372F4E3FFB4 /* Pods_English_fighting.framework */; };
		88BE17D21F31BDD500C12F3E /* ListenQuestionViewController.swift in Sources */ = {isa = PBXBuildFile; fileRef = 88BE17D11F31BDD500C12F3E /* ListenQuestionViewController.swift */; };
		88BE17D41F31BDDC00C12F3E /* ListenQuestionViewController.xib in Resources */ = {isa = PBXBuildFile; fileRef = 88BE17D31F31BDDC00C12F3E /* ListenQuestionViewController.xib */; };
		88BE17D61F31BFC100C12F3E /* GameViewController.xib in Resources */ = {isa = PBXBuildFile; fileRef = 88BE17D51F31BFC100C12F3E /* GameViewController.xib */; };
		88BE17D81F31C97F00C12F3E /* ExtendUiViewController.swift in Sources */ = {isa = PBXBuildFile; fileRef = 88BE17D71F31C97F00C12F3E /* ExtendUiViewController.swift */; };
		AE0595701F1DA61E00380A3D /* AppDelegate.swift in Sources */ = {isa = PBXBuildFile; fileRef = AE05956F1F1DA61E00380A3D /* AppDelegate.swift */; };
		AE0595721F1DA61E00380A3D /* GameScene.sks in Resources */ = {isa = PBXBuildFile; fileRef = AE0595711F1DA61E00380A3D /* GameScene.sks */; };
		AE0595741F1DA61E00380A3D /* Actions.sks in Resources */ = {isa = PBXBuildFile; fileRef = AE0595731F1DA61E00380A3D /* Actions.sks */; };
		AE0595761F1DA61E00380A3D /* GameScene.swift in Sources */ = {isa = PBXBuildFile; fileRef = AE0595751F1DA61E00380A3D /* GameScene.swift */; };
		AE0595781F1DA61E00380A3D /* GameViewController.swift in Sources */ = {isa = PBXBuildFile; fileRef = AE0595771F1DA61E00380A3D /* GameViewController.swift */; };
		AE05957B1F1DA61E00380A3D /* Main.storyboard in Resources */ = {isa = PBXBuildFile; fileRef = AE0595791F1DA61E00380A3D /* Main.storyboard */; };
		AE05957D1F1DA61E00380A3D /* Assets.xcassets in Resources */ = {isa = PBXBuildFile; fileRef = AE05957C1F1DA61E00380A3D /* Assets.xcassets */; };
		AE0595801F1DA61E00380A3D /* LaunchScreen.storyboard in Resources */ = {isa = PBXBuildFile; fileRef = AE05957E1F1DA61E00380A3D /* LaunchScreen.storyboard */; };
		AE05958C1F1DA83900380A3D /* ship.png in Resources */ = {isa = PBXBuildFile; fileRef = AE05958B1F1DA83900380A3D /* ship.png */; };
		AE05958E1F1DAE3B00380A3D /* Matrix.swift in Sources */ = {isa = PBXBuildFile; fileRef = AE05958D1F1DAE3B00380A3D /* Matrix.swift */; };
		AE0595901F1DC50D00380A3D /* mountain.png in Resources */ = {isa = PBXBuildFile; fileRef = AE05958F1F1DC50D00380A3D /* mountain.png */; };
		AE0595921F1DCBA000380A3D /* sea.png in Resources */ = {isa = PBXBuildFile; fileRef = AE0595911F1DCBA000380A3D /* sea.png */; };
		AE22C3E51F3018A700E00D38 /* SpeakQuestionViewController.swift in Sources */ = {isa = PBXBuildFile; fileRef = AE22C3E31F3018A700E00D38 /* SpeakQuestionViewController.swift */; };
		AE22C3E61F3018A700E00D38 /* SpeakQuestionViewController.xib in Resources */ = {isa = PBXBuildFile; fileRef = AE22C3E41F3018A700E00D38 /* SpeakQuestionViewController.xib */; };
		AE22C3E81F302B8200E00D38 /* SpeakQuestion.swift in Sources */ = {isa = PBXBuildFile; fileRef = AE22C3E71F302B8200E00D38 /* SpeakQuestion.swift */; };
		AE234F211F25DB490038EE82 /* ChooseQuestion.swift in Sources */ = {isa = PBXBuildFile; fileRef = AE234F201F25DB490038EE82 /* ChooseQuestion.swift */; };
		AE234F2A1F25E0D90038EE82 /* ChooseQuestionController.swift in Sources */ = {isa = PBXBuildFile; fileRef = AE234F281F25E0D90038EE82 /* ChooseQuestionController.swift */; };
		AE234F2B1F25E0D90038EE82 /* ChooseQuestionController.xib in Resources */ = {isa = PBXBuildFile; fileRef = AE234F291F25E0D90038EE82 /* ChooseQuestionController.xib */; };
		AE234F311F25FAC40038EE82 /* MainMenuController.swift in Sources */ = {isa = PBXBuildFile; fileRef = AE234F301F25FAC40038EE82 /* MainMenuController.swift */; };
		AE73CB4D1F29A32A00E6170B /* GameDelegate.swift in Sources */ = {isa = PBXBuildFile; fileRef = AE73CB4C1F29A32A00E6170B /* GameDelegate.swift */; };
		AE73CB4F1F29C20300E6170B /* Config.swift in Sources */ = {isa = PBXBuildFile; fileRef = AE73CB4E1F29C20300E6170B /* Config.swift */; };
		AE95CC591F2F1954008D2D86 /* NetworkHelper.swift in Sources */ = {isa = PBXBuildFile; fileRef = AE95CC581F2F1954008D2D86 /* NetworkHelper.swift */; };
		AE95CC5B1F2F2240008D2D86 /* DataManager.swift in Sources */ = {isa = PBXBuildFile; fileRef = AE95CC5A1F2F2240008D2D86 /* DataManager.swift */; };
		AE95CC5F1F2F31E9008D2D86 /* ListenQuestion.swift in Sources */ = {isa = PBXBuildFile; fileRef = AE95CC5E1F2F31E9008D2D86 /* ListenQuestion.swift */; };
		AEFB7D501F1F1A48009D062B /* English_fighting.xcworkspace in Resources */ = {isa = PBXBuildFile; fileRef = AEFB7D4F1F1F1A48009D062B /* English_fighting.xcworkspace */; };
		AEFE893A1F287FB100E104CD /* Bolts.framework in Frameworks */ = {isa = PBXBuildFile; fileRef = AEFE89371F287FB100E104CD /* Bolts.framework */; };
		AEFE893B1F287FB100E104CD /* FBSDKCoreKit.framework in Frameworks */ = {isa = PBXBuildFile; fileRef = AEFE89381F287FB100E104CD /* FBSDKCoreKit.framework */; };
		AEFE893C1F287FB100E104CD /* FBSDKLoginKit.framework in Frameworks */ = {isa = PBXBuildFile; fileRef = AEFE89391F287FB100E104CD /* FBSDKLoginKit.framework */; };
		AEFE893E1F2881FF00E104CD /* User.swift in Sources */ = {isa = PBXBuildFile; fileRef = AEFE893D1F2881FF00E104CD /* User.swift */; };
/* End PBXBuildFile section */

/* Begin PBXFileReference section */
		88BE17D11F31BDD500C12F3E /* ListenQuestionViewController.swift */ = {isa = PBXFileReference; fileEncoding = 4; lastKnownFileType = sourcecode.swift; path = ListenQuestionViewController.swift; sourceTree = "<group>"; };
		88BE17D31F31BDDC00C12F3E /* ListenQuestionViewController.xib */ = {isa = PBXFileReference; fileEncoding = 4; lastKnownFileType = file.xib; path = ListenQuestionViewController.xib; sourceTree = "<group>"; };
		88BE17D51F31BFC100C12F3E /* GameViewController.xib */ = {isa = PBXFileReference; fileEncoding = 4; lastKnownFileType = file.xib; path = GameViewController.xib; sourceTree = "<group>"; };
		88BE17D71F31C97F00C12F3E /* ExtendUiViewController.swift */ = {isa = PBXFileReference; fileEncoding = 4; lastKnownFileType = sourcecode.swift; path = ExtendUiViewController.swift; sourceTree = "<group>"; };
		8E778589789635F8FC337974 /* Pods-English_fighting.debug.xcconfig */ = {isa = PBXFileReference; includeInIndex = 1; lastKnownFileType = text.xcconfig; name = "Pods-English_fighting.debug.xcconfig"; path = "Pods/Target Support Files/Pods-English_fighting/Pods-English_fighting.debug.xcconfig"; sourceTree = "<group>"; };
		9183AD568BCA72A394D62808 /* Pods-English_fighting.release.xcconfig */ = {isa = PBXFileReference; includeInIndex = 1; lastKnownFileType = text.xcconfig; name = "Pods-English_fighting.release.xcconfig"; path = "Pods/Target Support Files/Pods-English_fighting/Pods-English_fighting.release.xcconfig"; sourceTree = "<group>"; };
		AE05956C1F1DA61E00380A3D /* English_fighting.app */ = {isa = PBXFileReference; explicitFileType = wrapper.application; includeInIndex = 0; path = English_fighting.app; sourceTree = BUILT_PRODUCTS_DIR; };
		AE05956F1F1DA61E00380A3D /* AppDelegate.swift */ = {isa = PBXFileReference; lastKnownFileType = sourcecode.swift; path = AppDelegate.swift; sourceTree = "<group>"; };
		AE0595711F1DA61E00380A3D /* GameScene.sks */ = {isa = PBXFileReference; lastKnownFileType = file.sks; path = GameScene.sks; sourceTree = "<group>"; };
		AE0595731F1DA61E00380A3D /* Actions.sks */ = {isa = PBXFileReference; lastKnownFileType = file.sks; path = Actions.sks; sourceTree = "<group>"; };
		AE0595751F1DA61E00380A3D /* GameScene.swift */ = {isa = PBXFileReference; lastKnownFileType = sourcecode.swift; path = GameScene.swift; sourceTree = "<group>"; };
		AE0595771F1DA61E00380A3D /* GameViewController.swift */ = {isa = PBXFileReference; lastKnownFileType = sourcecode.swift; path = GameViewController.swift; sourceTree = "<group>"; };
		AE05957A1F1DA61E00380A3D /* Base */ = {isa = PBXFileReference; lastKnownFileType = file.storyboard; name = Base; path = Base.lproj/Main.storyboard; sourceTree = "<group>"; };
		AE05957C1F1DA61E00380A3D /* Assets.xcassets */ = {isa = PBXFileReference; lastKnownFileType = folder.assetcatalog; path = Assets.xcassets; sourceTree = "<group>"; };
		AE05957F1F1DA61E00380A3D /* Base */ = {isa = PBXFileReference; lastKnownFileType = file.storyboard; name = Base; path = Base.lproj/LaunchScreen.storyboard; sourceTree = "<group>"; };
		AE0595811F1DA61E00380A3D /* Info.plist */ = {isa = PBXFileReference; lastKnownFileType = text.plist.xml; path = Info.plist; sourceTree = "<group>"; };
		AE05958B1F1DA83900380A3D /* ship.png */ = {isa = PBXFileReference; lastKnownFileType = image.png; path = ship.png; sourceTree = "<group>"; };
		AE05958D1F1DAE3B00380A3D /* Matrix.swift */ = {isa = PBXFileReference; fileEncoding = 4; lastKnownFileType = sourcecode.swift; path = Matrix.swift; sourceTree = "<group>"; };
		AE05958F1F1DC50D00380A3D /* mountain.png */ = {isa = PBXFileReference; lastKnownFileType = image.png; path = mountain.png; sourceTree = "<group>"; };
		AE0595911F1DCBA000380A3D /* sea.png */ = {isa = PBXFileReference; lastKnownFileType = image.png; path = sea.png; sourceTree = "<group>"; };
		AE22C3E31F3018A700E00D38 /* SpeakQuestionViewController.swift */ = {isa = PBXFileReference; fileEncoding = 4; lastKnownFileType = sourcecode.swift; path = SpeakQuestionViewController.swift; sourceTree = "<group>"; };
		AE22C3E41F3018A700E00D38 /* SpeakQuestionViewController.xib */ = {isa = PBXFileReference; fileEncoding = 4; lastKnownFileType = file.xib; path = SpeakQuestionViewController.xib; sourceTree = "<group>"; };
		AE22C3E71F302B8200E00D38 /* SpeakQuestion.swift */ = {isa = PBXFileReference; fileEncoding = 4; lastKnownFileType = sourcecode.swift; path = SpeakQuestion.swift; sourceTree = "<group>"; };
		AE234F201F25DB490038EE82 /* ChooseQuestion.swift */ = {isa = PBXFileReference; fileEncoding = 4; lastKnownFileType = sourcecode.swift; path = ChooseQuestion.swift; sourceTree = "<group>"; };
		AE234F281F25E0D90038EE82 /* ChooseQuestionController.swift */ = {isa = PBXFileReference; fileEncoding = 4; lastKnownFileType = sourcecode.swift; path = ChooseQuestionController.swift; sourceTree = "<group>"; };
		AE234F291F25E0D90038EE82 /* ChooseQuestionController.xib */ = {isa = PBXFileReference; fileEncoding = 4; lastKnownFileType = file.xib; path = ChooseQuestionController.xib; sourceTree = "<group>"; };
		AE234F301F25FAC40038EE82 /* MainMenuController.swift */ = {isa = PBXFileReference; fileEncoding = 4; lastKnownFileType = sourcecode.swift; path = MainMenuController.swift; sourceTree = "<group>"; };
		AE73CB4C1F29A32A00E6170B /* GameDelegate.swift */ = {isa = PBXFileReference; fileEncoding = 4; lastKnownFileType = sourcecode.swift; path = GameDelegate.swift; sourceTree = "<group>"; };
		AE73CB4E1F29C20300E6170B /* Config.swift */ = {isa = PBXFileReference; fileEncoding = 4; lastKnownFileType = sourcecode.swift; path = Config.swift; sourceTree = "<group>"; };
		AE95CC581F2F1954008D2D86 /* NetworkHelper.swift */ = {isa = PBXFileReference; fileEncoding = 4; lastKnownFileType = sourcecode.swift; path = NetworkHelper.swift; sourceTree = "<group>"; };
		AE95CC5A1F2F2240008D2D86 /* DataManager.swift */ = {isa = PBXFileReference; fileEncoding = 4; lastKnownFileType = sourcecode.swift; path = DataManager.swift; sourceTree = "<group>"; };
		AE95CC5E1F2F31E9008D2D86 /* ListenQuestion.swift */ = {isa = PBXFileReference; fileEncoding = 4; lastKnownFileType = sourcecode.swift; path = ListenQuestion.swift; sourceTree = "<group>"; };
		AEFB7D4F1F1F1A48009D062B /* English_fighting.xcworkspace */ = {isa = PBXFileReference; lastKnownFileType = wrapper.workspace; path = English_fighting.xcworkspace; sourceTree = "<group>"; };
		AEFE89371F287FB100E104CD /* Bolts.framework */ = {isa = PBXFileReference; lastKnownFileType = wrapper.framework; path = Bolts.framework; sourceTree = "<group>"; };
		AEFE89381F287FB100E104CD /* FBSDKCoreKit.framework */ = {isa = PBXFileReference; lastKnownFileType = wrapper.framework; path = FBSDKCoreKit.framework; sourceTree = "<group>"; };
		AEFE89391F287FB100E104CD /* FBSDKLoginKit.framework */ = {isa = PBXFileReference; lastKnownFileType = wrapper.framework; path = FBSDKLoginKit.framework; sourceTree = "<group>"; };
		AEFE893D1F2881FF00E104CD /* User.swift */ = {isa = PBXFileReference; fileEncoding = 4; lastKnownFileType = sourcecode.swift; path = User.swift; sourceTree = "<group>"; };
		B4C976CA1D3AD372F4E3FFB4 /* Pods_English_fighting.framework */ = {isa = PBXFileReference; explicitFileType = wrapper.framework; includeInIndex = 0; path = Pods_English_fighting.framework; sourceTree = BUILT_PRODUCTS_DIR; };
/* End PBXFileReference section */

/* Begin PBXFrameworksBuildPhase section */
		AE0595691F1DA61E00380A3D /* Frameworks */ = {
			isa = PBXFrameworksBuildPhase;
			buildActionMask = 2147483647;
			files = (
				5D8678023D49A46D37C3D50F /* Pods_English_fighting.framework in Frameworks */,
				AEFE893B1F287FB100E104CD /* FBSDKCoreKit.framework in Frameworks */,
				AEFE893C1F287FB100E104CD /* FBSDKLoginKit.framework in Frameworks */,
				AEFE893A1F287FB100E104CD /* Bolts.framework in Frameworks */,
			);
			runOnlyForDeploymentPostprocessing = 0;
		};
/* End PBXFrameworksBuildPhase section */

/* Begin PBXGroup section */
		AE0595631F1DA61E00380A3D = {
			isa = PBXGroup;
			children = (
				AEFE89361F287F6700E104CD /* FBSDK */,
				AE05956E1F1DA61E00380A3D /* English_fighting */,
				AE05956D1F1DA61E00380A3D /* Products */,
				D423314555E8436DEB0D729E /* Pods */,
				BCA07479E7290F6D75A4B445 /* Frameworks */,
			);
			sourceTree = "<group>";
		};
		AE05956D1F1DA61E00380A3D /* Products */ = {
			isa = PBXGroup;
			children = (
				AE05956C1F1DA61E00380A3D /* English_fighting.app */,
			);
			name = Products;
			sourceTree = "<group>";
		};
		AE05956E1F1DA61E00380A3D /* English_fighting */ = {
			isa = PBXGroup;
			children = (
				AE234F1F1F25DB310038EE82 /* Models */,
				AEFB7D521F1F1B09009D062B /* Helper */,
				AE0595891F1DA74500380A3D /* resources */,
				AE0595881F1DA64400380A3D /* layout */,
				AE0595871F1DA63600380A3D /* init files */,
				AEFB7D511F1F1ADC009D062B /* Controller */,
			);
			path = English_fighting;
			sourceTree = "<group>";
		};
		AE0595871F1DA63600380A3D /* init files */ = {
			isa = PBXGroup;
			children = (
				AEFB7D4F1F1F1A48009D062B /* English_fighting.xcworkspace */,
				AE05956F1F1DA61E00380A3D /* AppDelegate.swift */,
				AE05957C1F1DA61E00380A3D /* Assets.xcassets */,
				AE05957E1F1DA61E00380A3D /* LaunchScreen.storyboard */,
				AE0595811F1DA61E00380A3D /* Info.plist */,
			);
			name = "init files";
			sourceTree = "<group>";
		};
		AE0595881F1DA64400380A3D /* layout */ = {
			isa = PBXGroup;
			children = (
				88BE17D31F31BDDC00C12F3E /* ListenQuestionViewController.xib */,
				AE22C3E41F3018A700E00D38 /* SpeakQuestionViewController.xib */,
				AE234F291F25E0D90038EE82 /* ChooseQuestionController.xib */,
				AE0595731F1DA61E00380A3D /* Actions.sks */,
				AE0595711F1DA61E00380A3D /* GameScene.sks */,
				AE0595791F1DA61E00380A3D /* Main.storyboard */,
				88BE17D51F31BFC100C12F3E /* GameViewController.xib */,
			);
			name = layout;
			sourceTree = "<group>";
		};
		AE0595891F1DA74500380A3D /* resources */ = {
			isa = PBXGroup;
			children = (
				AE05958A1F1DA75A00380A3D /* Images */,
			);
			name = resources;
			sourceTree = "<group>";
		};
		AE05958A1F1DA75A00380A3D /* Images */ = {
			isa = PBXGroup;
			children = (
				AE05958F1F1DC50D00380A3D /* mountain.png */,
				AE05958B1F1DA83900380A3D /* ship.png */,
				AE0595911F1DCBA000380A3D /* sea.png */,
			);
			name = Images;
			sourceTree = "<group>";
		};
		AE234F1F1F25DB310038EE82 /* Models */ = {
			isa = PBXGroup;
			children = (
				AE234F201F25DB490038EE82 /* ChooseQuestion.swift */,
				AEFE893D1F2881FF00E104CD /* User.swift */,
				AE95CC5A1F2F2240008D2D86 /* DataManager.swift */,
				AE95CC5E1F2F31E9008D2D86 /* ListenQuestion.swift */,
				AE22C3E71F302B8200E00D38 /* SpeakQuestion.swift */,
			);
			name = Models;
			sourceTree = "<group>";
		};
		AEFB7D511F1F1ADC009D062B /* Controller */ = {
			isa = PBXGroup;
			children = (
				88BE17D11F31BDD500C12F3E /* ListenQuestionViewController.swift */,
				AE0595751F1DA61E00380A3D /* GameScene.swift */,
				AE0595771F1DA61E00380A3D /* GameViewController.swift */,
				AE234F281F25E0D90038EE82 /* ChooseQuestionController.swift */,
				AE234F301F25FAC40038EE82 /* MainMenuController.swift */,
				AE22C3E31F3018A700E00D38 /* SpeakQuestionViewController.swift */,
			);
			name = Controller;
			sourceTree = "<group>";
		};
		AEFB7D521F1F1B09009D062B /* Helper */ = {
			isa = PBXGroup;
			children = (
				AE05958D1F1DAE3B00380A3D /* Matrix.swift */,
				AE73CB4C1F29A32A00E6170B /* GameDelegate.swift */,
				AE73CB4E1F29C20300E6170B /* Config.swift */,
				AE95CC581F2F1954008D2D86 /* NetworkHelper.swift */,
				88BE17D71F31C97F00C12F3E /* ExtendUiViewController.swift */,
			);
			name = Helper;
			sourceTree = "<group>";
		};
		AEFE89361F287F6700E104CD /* FBSDK */ = {
			isa = PBXGroup;
			children = (
				AEFE89371F287FB100E104CD /* Bolts.framework */,
				AEFE89381F287FB100E104CD /* FBSDKCoreKit.framework */,
				AEFE89391F287FB100E104CD /* FBSDKLoginKit.framework */,
			);
			name = FBSDK;
			sourceTree = "<group>";
		};
		BCA07479E7290F6D75A4B445 /* Frameworks */ = {
			isa = PBXGroup;
			children = (
				B4C976CA1D3AD372F4E3FFB4 /* Pods_English_fighting.framework */,
			);
			name = Frameworks;
			sourceTree = "<group>";
		};
		D423314555E8436DEB0D729E /* Pods */ = {
			isa = PBXGroup;
			children = (
				8E778589789635F8FC337974 /* Pods-English_fighting.debug.xcconfig */,
				9183AD568BCA72A394D62808 /* Pods-English_fighting.release.xcconfig */,
			);
			name = Pods;
			sourceTree = "<group>";
		};
/* End PBXGroup section */

/* Begin PBXNativeTarget section */
		AE05956B1F1DA61E00380A3D /* English_fighting */ = {
			isa = PBXNativeTarget;
			buildConfigurationList = AE0595841F1DA61E00380A3D /* Build configuration list for PBXNativeTarget "English_fighting" */;
			buildPhases = (
				B05630156A96B68171349871 /* [CP] Check Pods Manifest.lock */,
				AE0595681F1DA61E00380A3D /* Sources */,
				AE0595691F1DA61E00380A3D /* Frameworks */,
				AE05956A1F1DA61E00380A3D /* Resources */,
				71376B8DEC24E2A159ABF1C2 /* [CP] Embed Pods Frameworks */,
				0761A33115C4EB85928D6411 /* [CP] Copy Pods Resources */,
			);
			buildRules = (
			);
			dependencies = (
			);
			name = English_fighting;
			productName = English_fighting;
			productReference = AE05956C1F1DA61E00380A3D /* English_fighting.app */;
			productType = "com.apple.product-type.application";
		};
/* End PBXNativeTarget section */

/* Begin PBXProject section */
		AE0595641F1DA61E00380A3D /* Project object */ = {
			isa = PBXProject;
			attributes = {
				LastSwiftUpdateCheck = 0830;
				LastUpgradeCheck = 0830;
				ORGANIZATIONNAME = hnc;
				TargetAttributes = {
					AE05956B1F1DA61E00380A3D = {
						CreatedOnToolsVersion = 8.3.3;
						ProvisioningStyle = Automatic;
					};
				};
			};
			buildConfigurationList = AE0595671F1DA61E00380A3D /* Build configuration list for PBXProject "English_fighting" */;
			compatibilityVersion = "Xcode 3.2";
			developmentRegion = English;
			hasScannedForEncodings = 0;
			knownRegions = (
				en,
				Base,
			);
			mainGroup = AE0595631F1DA61E00380A3D;
			productRefGroup = AE05956D1F1DA61E00380A3D /* Products */;
			projectDirPath = "";
			projectRoot = "";
			targets = (
				AE05956B1F1DA61E00380A3D /* English_fighting */,
			);
		};
/* End PBXProject section */

/* Begin PBXResourcesBuildPhase section */
		AE05956A1F1DA61E00380A3D /* Resources */ = {
			isa = PBXResourcesBuildPhase;
			buildActionMask = 2147483647;
			files = (
				AE05957B1F1DA61E00380A3D /* Main.storyboard in Resources */,
				AE0595721F1DA61E00380A3D /* GameScene.sks in Resources */,
				88BE17D41F31BDDC00C12F3E /* ListenQuestionViewController.xib in Resources */,
				AE22C3E61F3018A700E00D38 /* SpeakQuestionViewController.xib in Resources */,
				AE05957D1F1DA61E00380A3D /* Assets.xcassets in Resources */,
				AEFB7D501F1F1A48009D062B /* English_fighting.xcworkspace in Resources */,
				88BE17D61F31BFC100C12F3E /* GameViewController.xib in Resources */,
				AE0595921F1DCBA000380A3D /* sea.png in Resources */,
				AE0595901F1DC50D00380A3D /* mountain.png in Resources */,
				AE234F2B1F25E0D90038EE82 /* ChooseQuestionController.xib in Resources */,
				AE0595801F1DA61E00380A3D /* LaunchScreen.storyboard in Resources */,
				AE0595741F1DA61E00380A3D /* Actions.sks in Resources */,
				AE05958C1F1DA83900380A3D /* ship.png in Resources */,
			);
			runOnlyForDeploymentPostprocessing = 0;
		};
/* End PBXResourcesBuildPhase section */

/* Begin PBXShellScriptBuildPhase section */
		0761A33115C4EB85928D6411 /* [CP] Copy Pods Resources */ = {
			isa = PBXShellScriptBuildPhase;
			buildActionMask = 2147483647;
			files = (
			);
			inputPaths = (
			);
			name = "[CP] Copy Pods Resources";
			outputPaths = (
			);
			runOnlyForDeploymentPostprocessing = 0;
			shellPath = /bin/sh;
			shellScript = "\"${SRCROOT}/Pods/Target Support Files/Pods-English_fighting/Pods-English_fighting-resources.sh\"\n";
			showEnvVarsInLog = 0;
		};
		71376B8DEC24E2A159ABF1C2 /* [CP] Embed Pods Frameworks */ = {
			isa = PBXShellScriptBuildPhase;
			buildActionMask = 2147483647;
			files = (
			);
			inputPaths = (
			);
			name = "[CP] Embed Pods Frameworks";
			outputPaths = (
			);
			runOnlyForDeploymentPostprocessing = 0;
			shellPath = /bin/sh;
			shellScript = "\"${SRCROOT}/Pods/Target Support Files/Pods-English_fighting/Pods-English_fighting-frameworks.sh\"\n";
			showEnvVarsInLog = 0;
		};
		B05630156A96B68171349871 /* [CP] Check Pods Manifest.lock */ = {
			isa = PBXShellScriptBuildPhase;
			buildActionMask = 2147483647;
			files = (
			);
			inputPaths = (
			);
			name = "[CP] Check Pods Manifest.lock";
			outputPaths = (
			);
			runOnlyForDeploymentPostprocessing = 0;
			shellPath = /bin/sh;
			shellScript = "diff \"${PODS_PODFILE_DIR_PATH}/Podfile.lock\" \"${PODS_ROOT}/Manifest.lock\" > /dev/null\nif [ $? != 0 ] ; then\n    # print error to STDERR\n    echo \"error: The sandbox is not in sync with the Podfile.lock. Run 'pod install' or update your CocoaPods installation.\" >&2\n    exit 1\nfi\n";
			showEnvVarsInLog = 0;
		};
/* End PBXShellScriptBuildPhase section */

/* Begin PBXSourcesBuildPhase section */
		AE0595681F1DA61E00380A3D /* Sources */ = {
			isa = PBXSourcesBuildPhase;
			buildActionMask = 2147483647;
			files = (
				AE95CC591F2F1954008D2D86 /* NetworkHelper.swift in Sources */,
				AE05958E1F1DAE3B00380A3D /* Matrix.swift in Sources */,
				AE234F311F25FAC40038EE82 /* MainMenuController.swift in Sources */,
				AE95CC5B1F2F2240008D2D86 /* DataManager.swift in Sources */,
				AE73CB4D1F29A32A00E6170B /* GameDelegate.swift in Sources */,
				AE22C3E51F3018A700E00D38 /* SpeakQuestionViewController.swift in Sources */,
				AE0595761F1DA61E00380A3D /* GameScene.swift in Sources */,
				AE73CB4F1F29C20300E6170B /* Config.swift in Sources */,
				AE0595781F1DA61E00380A3D /* GameViewController.swift in Sources */,
				AEFE893E1F2881FF00E104CD /* User.swift in Sources */,
				88BE17D21F31BDD500C12F3E /* ListenQuestionViewController.swift in Sources */,
				AE22C3E81F302B8200E00D38 /* SpeakQuestion.swift in Sources */,
				AE95CC5F1F2F31E9008D2D86 /* ListenQuestion.swift in Sources */,
				88BE17D81F31C97F00C12F3E /* ExtendUiViewController.swift in Sources */,
				AE0595701F1DA61E00380A3D /* AppDelegate.swift in Sources */,
				AE234F2A1F25E0D90038EE82 /* ChooseQuestionController.swift in Sources */,
				AE234F211F25DB490038EE82 /* ChooseQuestion.swift in Sources */,
			);
			runOnlyForDeploymentPostprocessing = 0;
		};
/* End PBXSourcesBuildPhase section */

/* Begin PBXVariantGroup section */
		AE0595791F1DA61E00380A3D /* Main.storyboard */ = {
			isa = PBXVariantGroup;
			children = (
				AE05957A1F1DA61E00380A3D /* Base */,
			);
			name = Main.storyboard;
			sourceTree = "<group>";
		};
		AE05957E1F1DA61E00380A3D /* LaunchScreen.storyboard */ = {
			isa = PBXVariantGroup;
			children = (
				AE05957F1F1DA61E00380A3D /* Base */,
			);
			name = LaunchScreen.storyboard;
			sourceTree = "<group>";
		};
/* End PBXVariantGroup section */

/* Begin XCBuildConfiguration section */
		AE0595821F1DA61E00380A3D /* Debug */ = {
			isa = XCBuildConfiguration;
			buildSettings = {
				ALWAYS_SEARCH_USER_PATHS = NO;
				CLANG_ANALYZER_NONNULL = YES;
				CLANG_ANALYZER_NUMBER_OBJECT_CONVERSION = YES_AGGRESSIVE;
				CLANG_CXX_LANGUAGE_STANDARD = "gnu++0x";
				CLANG_CXX_LIBRARY = "libc++";
				CLANG_ENABLE_MODULES = YES;
				CLANG_ENABLE_OBJC_ARC = YES;
				CLANG_WARN_BOOL_CONVERSION = YES;
				CLANG_WARN_CONSTANT_CONVERSION = YES;
				CLANG_WARN_DIRECT_OBJC_ISA_USAGE = YES_ERROR;
				CLANG_WARN_DOCUMENTATION_COMMENTS = YES;
				CLANG_WARN_EMPTY_BODY = YES;
				CLANG_WARN_ENUM_CONVERSION = YES;
				CLANG_WARN_INFINITE_RECURSION = YES;
				CLANG_WARN_INT_CONVERSION = YES;
				CLANG_WARN_OBJC_ROOT_CLASS = YES_ERROR;
				CLANG_WARN_SUSPICIOUS_MOVE = YES;
				CLANG_WARN_UNREACHABLE_CODE = YES;
				CLANG_WARN__DUPLICATE_METHOD_MATCH = YES;
				"CODE_SIGN_IDENTITY[sdk=iphoneos*]" = "iPhone Developer";
				COPY_PHASE_STRIP = NO;
				DEBUG_INFORMATION_FORMAT = dwarf;
				ENABLE_STRICT_OBJC_MSGSEND = YES;
				ENABLE_TESTABILITY = YES;
				GCC_C_LANGUAGE_STANDARD = gnu99;
				GCC_DYNAMIC_NO_PIC = NO;
				GCC_NO_COMMON_BLOCKS = YES;
				GCC_OPTIMIZATION_LEVEL = 0;
				GCC_PREPROCESSOR_DEFINITIONS = (
					"DEBUG=1",
					"$(inherited)",
				);
				GCC_WARN_64_TO_32_BIT_CONVERSION = YES;
				GCC_WARN_ABOUT_RETURN_TYPE = YES_ERROR;
				GCC_WARN_UNDECLARED_SELECTOR = YES;
				GCC_WARN_UNINITIALIZED_AUTOS = YES_AGGRESSIVE;
				GCC_WARN_UNUSED_FUNCTION = YES;
				GCC_WARN_UNUSED_VARIABLE = YES;
				IPHONEOS_DEPLOYMENT_TARGET = 10.3;
				MTL_ENABLE_DEBUG_INFO = YES;
				ONLY_ACTIVE_ARCH = YES;
				SDKROOT = iphoneos;
				SWIFT_ACTIVE_COMPILATION_CONDITIONS = DEBUG;
				SWIFT_OPTIMIZATION_LEVEL = "-Onone";
			};
			name = Debug;
		};
		AE0595831F1DA61E00380A3D /* Release */ = {
			isa = XCBuildConfiguration;
			buildSettings = {
				ALWAYS_SEARCH_USER_PATHS = NO;
				CLANG_ANALYZER_NONNULL = YES;
				CLANG_ANALYZER_NUMBER_OBJECT_CONVERSION = YES_AGGRESSIVE;
				CLANG_CXX_LANGUAGE_STANDARD = "gnu++0x";
				CLANG_CXX_LIBRARY = "libc++";
				CLANG_ENABLE_MODULES = YES;
				CLANG_ENABLE_OBJC_ARC = YES;
				CLANG_WARN_BOOL_CONVERSION = YES;
				CLANG_WARN_CONSTANT_CONVERSION = YES;
				CLANG_WARN_DIRECT_OBJC_ISA_USAGE = YES_ERROR;
				CLANG_WARN_DOCUMENTATION_COMMENTS = YES;
				CLANG_WARN_EMPTY_BODY = YES;
				CLANG_WARN_ENUM_CONVERSION = YES;
				CLANG_WARN_INFINITE_RECURSION = YES;
				CLANG_WARN_INT_CONVERSION = YES;
				CLANG_WARN_OBJC_ROOT_CLASS = YES_ERROR;
				CLANG_WARN_SUSPICIOUS_MOVE = YES;
				CLANG_WARN_UNREACHABLE_CODE = YES;
				CLANG_WARN__DUPLICATE_METHOD_MATCH = YES;
				"CODE_SIGN_IDENTITY[sdk=iphoneos*]" = "iPhone Developer";
				COPY_PHASE_STRIP = NO;
				DEBUG_INFORMATION_FORMAT = "dwarf-with-dsym";
				ENABLE_NS_ASSERTIONS = NO;
				ENABLE_STRICT_OBJC_MSGSEND = YES;
				GCC_C_LANGUAGE_STANDARD = gnu99;
				GCC_NO_COMMON_BLOCKS = YES;
				GCC_WARN_64_TO_32_BIT_CONVERSION = YES;
				GCC_WARN_ABOUT_RETURN_TYPE = YES_ERROR;
				GCC_WARN_UNDECLARED_SELECTOR = YES;
				GCC_WARN_UNINITIALIZED_AUTOS = YES_AGGRESSIVE;
				GCC_WARN_UNUSED_FUNCTION = YES;
				GCC_WARN_UNUSED_VARIABLE = YES;
				IPHONEOS_DEPLOYMENT_TARGET = 10.3;
				MTL_ENABLE_DEBUG_INFO = NO;
				SDKROOT = iphoneos;
				SWIFT_OPTIMIZATION_LEVEL = "-Owholemodule";
				VALIDATE_PRODUCT = YES;
			};
			name = Release;
		};
		AE0595851F1DA61E00380A3D /* Debug */ = {
			isa = XCBuildConfiguration;
			baseConfigurationReference = 8E778589789635F8FC337974 /* Pods-English_fighting.debug.xcconfig */;
			buildSettings = {
				ASSETCATALOG_COMPILER_APPICON_NAME = AppIcon;
				FRAMEWORK_SEARCH_PATHS = (
					"$(inherited)",
					"$(PROJECT_DIR)",
				);
				INFOPLIST_FILE = English_fighting/Info.plist;
				LD_RUNPATH_SEARCH_PATHS = "$(inherited) @executable_path/Frameworks";
				PRODUCT_BUNDLE_IDENTIFIER = "com.sunado.demo.English-fighting";
				PRODUCT_NAME = "$(TARGET_NAME)";
				SWIFT_VERSION = 3.0;
			};
			name = Debug;
		};
		AE0595861F1DA61E00380A3D /* Release */ = {
			isa = XCBuildConfiguration;
			baseConfigurationReference = 9183AD568BCA72A394D62808 /* Pods-English_fighting.release.xcconfig */;
			buildSettings = {
				ASSETCATALOG_COMPILER_APPICON_NAME = AppIcon;
				FRAMEWORK_SEARCH_PATHS = (
					"$(inherited)",
					"$(PROJECT_DIR)",
				);
				INFOPLIST_FILE = English_fighting/Info.plist;
				LD_RUNPATH_SEARCH_PATHS = "$(inherited) @executable_path/Frameworks";
				PRODUCT_BUNDLE_IDENTIFIER = "com.sunado.demo.English-fighting";
				PRODUCT_NAME = "$(TARGET_NAME)";
				SWIFT_VERSION = 3.0;
			};
			name = Release;
		};
/* End XCBuildConfiguration section */

/* Begin XCConfigurationList section */
		AE0595671F1DA61E00380A3D /* Build configuration list for PBXProject "English_fighting" */ = {
			isa = XCConfigurationList;
			buildConfigurations = (
				AE0595821F1DA61E00380A3D /* Debug */,
				AE0595831F1DA61E00380A3D /* Release */,
			);
			defaultConfigurationIsVisible = 0;
			defaultConfigurationName = Release;
		};
		AE0595841F1DA61E00380A3D /* Build configuration list for PBXNativeTarget "English_fighting" */ = {
			isa = XCConfigurationList;
			buildConfigurations = (
				AE0595851F1DA61E00380A3D /* Debug */,
				AE0595861F1DA61E00380A3D /* Release */,
			);
			defaultConfigurationIsVisible = 0;
			defaultConfigurationName = Release;
		};
/* End XCConfigurationList section */
	};
	rootObject = AE0595641F1DA61E00380A3D /* Project object */;
}
